{
  "name": "picasso",
  "version": "1.0.0",
  "lockfileVersion": 1,
  "requires": true,
  "dependencies": {
    "picasso-plugin-q": {
      "version": "0.5.2",
      "resolved": "https://registry.npmjs.org/picasso-plugin-q/-/picasso-plugin-q-0.5.2.tgz",
      "integrity": "sha512-CqWDAKkj8D6R/Kb0+NDcmSGvgrsupqHvLxfQuMKSaBb3uWOUokDN5546QdbH7/GAJZhPUkBImtI2A7sA0y1BQw=="
    },
    "picasso.js": {
      "version": "0.5.2",
      "resolved": "https://registry.npmjs.org/picasso.js/-/picasso.js-0.5.2.tgz",
      "integrity": "sha512-OEAjI/tmbrifTgnBGSgClpTU58Sx4TQUhHABclejI7ycSsDW0we7OV+uw4KseroleKGP5MCAUmmMQBph0l7Vlg=="
    }
  }
}
